
Microsoft Visual Studio Solution File, Format Version 12.00
# Visual Studio Version 17
VisualStudioVersion = 17.8.34330.188
MinimumVisualStudioVersion = 10.0.40219.1
Project("{2150E333-8FDC-42A3-9474-1A3956D46DE8}") = "ServiceBusQueue", "ServiceBusQueue", "{91488C5F-B713-4494-A406-91482E87787C}"
	ProjectSection(SolutionItems) = preProject
		..\Azure.Services.POC1V2\Azure.Services.POC1\README.md = ..\Azure.Services.POC1V2\Azure.Services.POC1\README.md
	EndProjectSection
EndProject
Project("{2150E333-8FDC-42A3-9474-1A3956D46DE8}") = "ServiceBusTopic", "ServiceBusTopic", "{2FFDBED3-4B5F-4BC9-8628-F84D7F9FE2A5}"
EndProject
Project("{2150E333-8FDC-42A3-9474-1A3956D46DE8}") = "AzureFunction", "AzureFunction", "{5F58DA8E-F28E-487D-B30C-310425678F92}"
EndProject
Project("{9A19103F-16F7-4668-BE54-9A1E7A4F7556}") = "ServiceBus.Queue.SendMessage", "Azure.Services.POC1\ServiceBus.Queue.SendMessage\ServiceBus.Queue.SendMessage.csproj", "{65650B05-694D-49D4-B251-BC344EBD85AA}"
EndProject
Project("{9A19103F-16F7-4668-BE54-9A1E7A4F7556}") = "ServiceBus.Queue.Reader", "Azure.Services.POC1\ServiceBus.Queue.Reader\ServiceBus.Queue.Reader.csproj", "{24536CC2-E1EF-4BF2-A07C-5BE1DE24D7F5}"
EndProject
Project("{9A19103F-16F7-4668-BE54-9A1E7A4F7556}") = "ECommerce.OrderProcessing.Publisher", "ECommerce.OrderProcessing.Publisher\ECommerce.OrderProcessing.Publisher.csproj", "{01B96A29-A1B4-454B-8E8D-E138A3AF8ECC}"
EndProject
Project("{9A19103F-16F7-4668-BE54-9A1E7A4F7556}") = "ECommerce.OrderSubscriber.ReadMessage", "ECommerce.OrderSubscriber.ReadMessage\ECommerce.OrderSubscriber.ReadMessage.csproj", "{3FA7B3B7-D103-4CA4-894D-66131E1AAB42}"
EndProject
Project("{2150E333-8FDC-42A3-9474-1A3956D46DE8}") = "API", "API", "{0F62F950-42B4-483A-9EB8-CB6A74587A17}"
EndProject
Project("{9A19103F-16F7-4668-BE54-9A1E7A4F7556}") = "Employee.Management.Common.Api", "Employee.Management.Common.Api\Employee.Management.Common.Api.csproj", "{D35DBCA4-B0FE-4720-9004-C2EDFF0BADFD}"
EndProject
Project("{9A19103F-16F7-4668-BE54-9A1E7A4F7556}") = "AzureFunction.ServiceBusTrigger.HighPriorityOrderProcessor", "AzureFunction.ServiceBusTrigger.HighPriorityOrderProcessor\AzureFunction.ServiceBusTrigger.HighPriorityOrderProcessor.csproj", "{B6B64CC0-202D-42CE-B8B2-7FC64A44FF19}"
EndProject
Global
	GlobalSection(SolutionConfigurationPlatforms) = preSolution
		Debug|Any CPU = Debug|Any CPU
		Release|Any CPU = Release|Any CPU
	EndGlobalSection
	GlobalSection(ProjectConfigurationPlatforms) = postSolution
		{65650B05-694D-49D4-B251-BC344EBD85AA}.Debug|Any CPU.ActiveCfg = Debug|Any CPU
		{65650B05-694D-49D4-B251-BC344EBD85AA}.Debug|Any CPU.Build.0 = Debug|Any CPU
		{65650B05-694D-49D4-B251-BC344EBD85AA}.Release|Any CPU.ActiveCfg = Release|Any CPU
		{65650B05-694D-49D4-B251-BC344EBD85AA}.Release|Any CPU.Build.0 = Release|Any CPU
		{24536CC2-E1EF-4BF2-A07C-5BE1DE24D7F5}.Debug|Any CPU.ActiveCfg = Debug|Any CPU
		{24536CC2-E1EF-4BF2-A07C-5BE1DE24D7F5}.Debug|Any CPU.Build.0 = Debug|Any CPU
		{24536CC2-E1EF-4BF2-A07C-5BE1DE24D7F5}.Release|Any CPU.ActiveCfg = Release|Any CPU
		{24536CC2-E1EF-4BF2-A07C-5BE1DE24D7F5}.Release|Any CPU.Build.0 = Release|Any CPU
		{01B96A29-A1B4-454B-8E8D-E138A3AF8ECC}.Debug|Any CPU.ActiveCfg = Debug|Any CPU
		{01B96A29-A1B4-454B-8E8D-E138A3AF8ECC}.Debug|Any CPU.Build.0 = Debug|Any CPU
		{01B96A29-A1B4-454B-8E8D-E138A3AF8ECC}.Release|Any CPU.ActiveCfg = Release|Any CPU
		{01B96A29-A1B4-454B-8E8D-E138A3AF8ECC}.Release|Any CPU.Build.0 = Release|Any CPU
		{3FA7B3B7-D103-4CA4-894D-66131E1AAB42}.Debug|Any CPU.ActiveCfg = Debug|Any CPU
		{3FA7B3B7-D103-4CA4-894D-66131E1AAB42}.Debug|Any CPU.Build.0 = Debug|Any CPU
		{3FA7B3B7-D103-4CA4-894D-66131E1AAB42}.Release|Any CPU.ActiveCfg = Release|Any CPU
		{3FA7B3B7-D103-4CA4-894D-66131E1AAB42}.Release|Any CPU.Build.0 = Release|Any CPU
		{D35DBCA4-B0FE-4720-9004-C2EDFF0BADFD}.Debug|Any CPU.ActiveCfg = Debug|Any CPU
		{D35DBCA4-B0FE-4720-9004-C2EDFF0BADFD}.Debug|Any CPU.Build.0 = Debug|Any CPU
		{D35DBCA4-B0FE-4720-9004-C2EDFF0BADFD}.Release|Any CPU.ActiveCfg = Release|Any CPU
		{D35DBCA4-B0FE-4720-9004-C2EDFF0BADFD}.Release|Any CPU.Build.0 = Release|Any CPU
		{B6B64CC0-202D-42CE-B8B2-7FC64A44FF19}.Debug|Any CPU.ActiveCfg = Debug|Any CPU
		{B6B64CC0-202D-42CE-B8B2-7FC64A44FF19}.Debug|Any CPU.Build.0 = Debug|Any CPU
		{B6B64CC0-202D-42CE-B8B2-7FC64A44FF19}.Release|Any CPU.ActiveCfg = Release|Any CPU
		{B6B64CC0-202D-42CE-B8B2-7FC64A44FF19}.Release|Any CPU.Build.0 = Release|Any CPU
	EndGlobalSection
	GlobalSection(SolutionProperties) = preSolution
		HideSolutionNode = FALSE
	EndGlobalSection
	GlobalSection(NestedProjects) = preSolution
		{65650B05-694D-49D4-B251-BC344EBD85AA} = {91488C5F-B713-4494-A406-91482E87787C}
		{24536CC2-E1EF-4BF2-A07C-5BE1DE24D7F5} = {91488C5F-B713-4494-A406-91482E87787C}
		{01B96A29-A1B4-454B-8E8D-E138A3AF8ECC} = {2FFDBED3-4B5F-4BC9-8628-F84D7F9FE2A5}
		{3FA7B3B7-D103-4CA4-894D-66131E1AAB42} = {2FFDBED3-4B5F-4BC9-8628-F84D7F9FE2A5}
		{D35DBCA4-B0FE-4720-9004-C2EDFF0BADFD} = {0F62F950-42B4-483A-9EB8-CB6A74587A17}
		{B6B64CC0-202D-42CE-B8B2-7FC64A44FF19} = {5F58DA8E-F28E-487D-B30C-310425678F92}
	EndGlobalSection
	GlobalSection(ExtensibilityGlobals) = postSolution
		SolutionGuid = {9375935F-43B4-4C9B-A711-369B112745CF}
	EndGlobalSection
EndGlobal
